
Microsoft Visual Studio Solution File, Format Version 12.00
# Visual Studio Version 16
VisualStudioVersion = 16.0.29519.87
MinimumVisualStudioVersion = 10.0.40219.1
Project("{F184B08F-C81C-45F6-A57F-5ABD9991F28F}") = "ingresarProductos", "ingresarProductos\ingresarProductos.vbproj", "{1B564BC4-8077-422A-B4E1-CB605E38CE18}"
EndProject
Global
	GlobalSection(SolutionConfigurationPlatforms) = preSolution
		Debug|Any CPU = Debug|Any CPU
		Release|Any CPU = Release|Any CPU
	EndGlobalSection
	GlobalSection(ProjectConfigurationPlatforms) = postSolution
		{1B564BC4-8077-422A-B4E1-CB605E38CE18}.Debug|Any CPU.ActiveCfg = Debug|Any CPU
		{1B564BC4-8077-422A-B4E1-CB605E38CE18}.Debug|Any CPU.Build.0 = Debug|Any CPU
		{1B564BC4-8077-422A-B4E1-CB605E38CE18}.Release|Any CPU.ActiveCfg = Release|Any CPU
		{1B564BC4-8077-422A-B4E1-CB605E38CE18}.Release|Any CPU.Build.0 = Release|Any CPU
	EndGlobalSection
	GlobalSection(SolutionProperties) = preSolution
		HideSolutionNode = FALSE
	EndGlobalSection
	GlobalSection(ExtensibilityGlobals) = postSolution
		SolutionGuid = {429111C4-DAD5-4531-8350-435429487E0B}
	EndGlobalSection
EndGlobal
